
Microsoft Visual Studio Solution File, Format Version 12.00
# Visual Studio Version 17
VisualStudioVersion = 17.0.31903.59
MinimumVisualStudioVersion = 10.0.40219.1
Project("{FAE04EC0-301F-11D3-BF4B-00C04F79EFBC}") = "TodoList.API", "TodoList.API\TodoList.API.csproj", "{F0421834-929F-4718-8E96-BB8BEDD40DB6}"
EndProject
Project("{FAE04EC0-301F-11D3-BF4B-00C04F79EFBC}") = "TodoList.CLI", "TodoList.CLI\TodoList.CLI.csproj", "{D425EDA0-40BB-4D5E-820F-129AB487042A}"
EndProject
Global
	GlobalSection(SolutionConfigurationPlatforms) = preSolution
		Debug|Any CPU = Debug|Any CPU
		Release|Any CPU = Release|Any CPU
	EndGlobalSection
	GlobalSection(SolutionProperties) = preSolution
		HideSolutionNode = FALSE
	EndGlobalSection
	GlobalSection(ProjectConfigurationPlatforms) = postSolution
		{F0421834-929F-4718-8E96-BB8BEDD40DB6}.Debug|Any CPU.ActiveCfg = Debug|Any CPU
		{F0421834-929F-4718-8E96-BB8BEDD40DB6}.Debug|Any CPU.Build.0 = Debug|Any CPU
		{F0421834-929F-4718-8E96-BB8BEDD40DB6}.Release|Any CPU.ActiveCfg = Release|Any CPU
		{F0421834-929F-4718-8E96-BB8BEDD40DB6}.Release|Any CPU.Build.0 = Release|Any CPU
		{D425EDA0-40BB-4D5E-820F-129AB487042A}.Debug|Any CPU.ActiveCfg = Debug|Any CPU
		{D425EDA0-40BB-4D5E-820F-129AB487042A}.Debug|Any CPU.Build.0 = Debug|Any CPU
		{D425EDA0-40BB-4D5E-820F-129AB487042A}.Release|Any CPU.ActiveCfg = Release|Any CPU
		{D425EDA0-40BB-4D5E-820F-129AB487042A}.Release|Any CPU.Build.0 = Release|Any CPU
	EndGlobalSection
EndGlobal
